// !$*UTF8*$!
{
	archiveVersion = 1;
	classes = {
	};
	objectVersion = 56;
	objects = {

/* Begin PBXBuildFile section */
		C513A9092B6DCC75002BACFA /* 1024.png in Resources */ = {isa = PBXBuildFile; fileRef = C513A9082B6DCC75002BACFA /* 1024.png */; };
		C513A90B2B6DD469002BACFA /* CustomTempo.swift in Sources */ = {isa = PBXBuildFile; fileRef = C513A90A2B6DD469002BACFA /* CustomTempo.swift */; };
		C51EA1042B6DCA9D00D827FB /* CIcon_120.png in Resources */ = {isa = PBXBuildFile; fileRef = C51EA1032B6DCA9D00D827FB /* CIcon_120.png */; };
		C5B09B082B6735BE00C3AEE4 /* clip_clopApp.swift in Sources */ = {isa = PBXBuildFile; fileRef = C5B09B072B6735BE00C3AEE4 /* clip_clopApp.swift */; };
		C5B09B0A2B6735BE00C3AEE4 /* ContentView.swift in Sources */ = {isa = PBXBuildFile; fileRef = C5B09B092B6735BE00C3AEE4 /* ContentView.swift */; };
		C5B09B0C2B6735C000C3AEE4 /* Assets.xcassets in Resources */ = {isa = PBXBuildFile; fileRef = C5B09B0B2B6735C000C3AEE4 /* Assets.xcassets */; };
		C5B09B0F2B6735C000C3AEE4 /* Preview Assets.xcassets in Resources */ = {isa = PBXBuildFile; fileRef = C5B09B0E2B6735C000C3AEE4 /* Preview Assets.xcassets */; };
		C5B09B162B67367E00C3AEE4 /* MetronomeView.swift in Sources */ = {isa = PBXBuildFile; fileRef = C5B09B152B67367E00C3AEE4 /* MetronomeView.swift */; };
		C5B09B182B6736DA00C3AEE4 /* TimeSig.swift in Sources */ = {isa = PBXBuildFile; fileRef = C5B09B172B6736D900C3AEE4 /* TimeSig.swift */; };
		C5B09B1A2B675B8C00C3AEE4 /* TempoSelectionView.swift in Sources */ = {isa = PBXBuildFile; fileRef = C5B09B192B675B8C00C3AEE4 /* TempoSelectionView.swift */; };
		C5B09B1C2B675DB400C3AEE4 /* TempoCalculation.swift in Sources */ = {isa = PBXBuildFile; fileRef = C5B09B1B2B675DB400C3AEE4 /* TempoCalculation.swift */; };
		C5B09B202B681E0A00C3AEE4 /* Blop.mp3 in Resources */ = {isa = PBXBuildFile; fileRef = C5B09B1F2B681E0A00C3AEE4 /* Blop.mp3 */; };
		C5F1CA672B6BDF7E000D7CD1 /* Blop_High.mp3 in Resources */ = {isa = PBXBuildFile; fileRef = C5F1CA662B6BDF7E000D7CD1 /* Blop_High.mp3 */; };
/* End PBXBuildFile section */

/* Begin PBXFileReference section */
		C513A9082B6DCC75002BACFA /* 1024.png */ = {isa = PBXFileReference; lastKnownFileType = image.png; path = 1024.png; sourceTree = "<group>"; };
		C513A90A2B6DD469002BACFA /* CustomTempo.swift */ = {isa = PBXFileReference; lastKnownFileType = sourcecode.swift; path = CustomTempo.swift; sourceTree = "<group>"; };
		C51EA1032B6DCA9D00D827FB /* CIcon_120.png */ = {isa = PBXFileReference; lastKnownFileType = image.png; path = CIcon_120.png; sourceTree = "<group>"; };
		C5B09B042B6735BE00C3AEE4 /* clip-clop.app */ = {isa = PBXFileReference; explicitFileType = wrapper.application; includeInIndex = 0; path = "clip-clop.app"; sourceTree = BUILT_PRODUCTS_DIR; };
		C5B09B072B6735BE00C3AEE4 /* clip_clopApp.swift */ = {isa = PBXFileReference; lastKnownFileType = sourcecode.swift; path = clip_clopApp.swift; sourceTree = "<group>"; };
		C5B09B092B6735BE00C3AEE4 /* ContentView.swift */ = {isa = PBXFileReference; lastKnownFileType = sourcecode.swift; path = ContentView.swift; sourceTree = "<group>"; };
		C5B09B0B2B6735C000C3AEE4 /* Assets.xcassets */ = {isa = PBXFileReference; lastKnownFileType = folder.assetcatalog; path = Assets.xcassets; sourceTree = "<group>"; };
		C5B09B0E2B6735C000C3AEE4 /* Preview Assets.xcassets */ = {isa = PBXFileReference; lastKnownFileType = folder.assetcatalog; path = "Preview Assets.xcassets"; sourceTree = "<group>"; };
		C5B09B152B67367E00C3AEE4 /* MetronomeView.swift */ = {isa = PBXFileReference; lastKnownFileType = sourcecode.swift; path = MetronomeView.swift; sourceTree = "<group>"; };
		C5B09B172B6736D900C3AEE4 /* TimeSig.swift */ = {isa = PBXFileReference; lastKnownFileType = sourcecode.swift; path = TimeSig.swift; sourceTree = "<group>"; };
		C5B09B192B675B8C00C3AEE4 /* TempoSelectionView.swift */ = {isa = PBXFileReference; lastKnownFileType = sourcecode.swift; path = TempoSelectionView.swift; sourceTree = "<group>"; };
		C5B09B1B2B675DB400C3AEE4 /* TempoCalculation.swift */ = {isa = PBXFileReference; lastKnownFileType = sourcecode.swift; path = TempoCalculation.swift; sourceTree = "<group>"; };
		C5B09B1F2B681E0A00C3AEE4 /* Blop.mp3 */ = {isa = PBXFileReference; lastKnownFileType = audio.mp3; path = Blop.mp3; sourceTree = "<group>"; };
		C5F1CA662B6BDF7E000D7CD1 /* Blop_High.mp3 */ = {isa = PBXFileReference; lastKnownFileType = audio.mp3; path = Blop_High.mp3; sourceTree = SOURCE_ROOT; };
/* End PBXFileReference section */

/* Begin PBXFrameworksBuildPhase section */
		C5B09B012B6735BE00C3AEE4 /* Frameworks */ = {
			isa = PBXFrameworksBuildPhase;
			buildActionMask = 2147483647;
			files = (
			);
			runOnlyForDeploymentPostprocessing = 0;
		};
/* End PBXFrameworksBuildPhase section */

/* Begin PBXGroup section */
		C5B09AFB2B6735BE00C3AEE4 = {
			isa = PBXGroup;
			children = (
				C5B09B062B6735BE00C3AEE4 /* clip-clop */,
				C5B09B052B6735BE00C3AEE4 /* Products */,
			);
			sourceTree = "<group>";
		};
		C5B09B052B6735BE00C3AEE4 /* Products */ = {
			isa = PBXGroup;
			children = (
				C5B09B042B6735BE00C3AEE4 /* clip-clop.app */,
			);
			name = Products;
			sourceTree = "<group>";
		};
		C5B09B062B6735BE00C3AEE4 /* clip-clop */ = {
			isa = PBXGroup;
			children = (
				C513A9082B6DCC75002BACFA /* 1024.png */,
				C51EA1032B6DCA9D00D827FB /* CIcon_120.png */,
				C5F1CA662B6BDF7E000D7CD1 /* Blop_High.mp3 */,
				C5B09B1F2B681E0A00C3AEE4 /* Blop.mp3 */,
				C5B09B072B6735BE00C3AEE4 /* clip_clopApp.swift */,
				C5B09B092B6735BE00C3AEE4 /* ContentView.swift */,
				C5B09B1B2B675DB400C3AEE4 /* TempoCalculation.swift */,
				C5B09B0B2B6735C000C3AEE4 /* Assets.xcassets */,
				C5B09B0D2B6735C000C3AEE4 /* Preview Content */,
				C5B09B152B67367E00C3AEE4 /* MetronomeView.swift */,
				C5B09B192B675B8C00C3AEE4 /* TempoSelectionView.swift */,
				C5B09B172B6736D900C3AEE4 /* TimeSig.swift */,
				C513A90A2B6DD469002BACFA /* CustomTempo.swift */,
			);
			path = "clip-clop";
			sourceTree = "<group>";
		};
		C5B09B0D2B6735C000C3AEE4 /* Preview Content */ = {
			isa = PBXGroup;
			children = (
				C5B09B0E2B6735C000C3AEE4 /* Preview Assets.xcassets */,
			);
			path = "Preview Content";
			sourceTree = "<group>";
		};
/* End PBXGroup section */

/* Begin PBXNativeTarget section */
		C5B09B032B6735BE00C3AEE4 /* clip-clop */ = {
			isa = PBXNativeTarget;
			buildConfigurationList = C5B09B122B6735C000C3AEE4 /* Build configuration list for PBXNativeTarget "clip-clop" */;
			buildPhases = (
				C5B09B002B6735BE00C3AEE4 /* Sources */,
				C5B09B012B6735BE00C3AEE4 /* Frameworks */,
				C5B09B022B6735BE00C3AEE4 /* Resources */,
			);
			buildRules = (
			);
			dependencies = (
			);
			name = "clip-clop";
			productName = "clip-clop";
			productReference = C5B09B042B6735BE00C3AEE4 /* clip-clop.app */;
			productType = "com.apple.product-type.application";
		};
/* End PBXNativeTarget section */

/* Begin PBXProject section */
		C5B09AFC2B6735BE00C3AEE4 /* Project object */ = {
			isa = PBXProject;
			attributes = {
				BuildIndependentTargetsInParallel = 1;
				LastSwiftUpdateCheck = 1520;
				LastUpgradeCheck = 1520;
				TargetAttributes = {
					C5B09B032B6735BE00C3AEE4 = {
						CreatedOnToolsVersion = 15.2;
					};
				};
			};
			buildConfigurationList = C5B09AFF2B6735BE00C3AEE4 /* Build configuration list for PBXProject "clip-clop" */;
			compatibilityVersion = "Xcode 14.0";
			developmentRegion = en;
			hasScannedForEncodings = 0;
			knownRegions = (
				en,
				Base,
			);
			mainGroup = C5B09AFB2B6735BE00C3AEE4;
			productRefGroup = C5B09B052B6735BE00C3AEE4 /* Products */;
			projectDirPath = "";
			projectRoot = "";
			targets = (
				C5B09B032B6735BE00C3AEE4 /* clip-clop */,
			);
		};
/* End PBXProject section */

/* Begin PBXResourcesBuildPhase section */
		C5B09B022B6735BE00C3AEE4 /* Resources */ = {
			isa = PBXResourcesBuildPhase;
			buildActionMask = 2147483647;
			files = (
				C513A9092B6DCC75002BACFA /* 1024.png in Resources */,
				C51EA1042B6DCA9D00D827FB /* CIcon_120.png in Resources */,
				C5B09B202B681E0A00C3AEE4 /* Blop.mp3 in Resources */,
				C5B09B0F2B6735C000C3AEE4 /* Preview Assets.xcassets in Resources */,
				C5B09B0C2B6735C000C3AEE4 /* Assets.xcassets in Resources */,
				C5F1CA672B6BDF7E000D7CD1 /* Blop_High.mp3 in Resources */,
			);
			runOnlyForDeploymentPostprocessing = 0;
		};
/* End PBXResourcesBuildPhase section */

/* Begin PBXSourcesBuildPhase section */
		C5B09B002B6735BE00C3AEE4 /* Sources */ = {
			isa = PBXSourcesBuildPhase;
			buildActionMask = 2147483647;
			files = (
				C513A90B2B6DD469002BACFA /* CustomTempo.swift in Sources */,
				C5B09B162B67367E00C3AEE4 /* MetronomeView.swift in Sources */,
				C5B09B0A2B6735BE00C3AEE4 /* ContentView.swift in Sources */,
				C5B09B182B6736DA00C3AEE4 /* TimeSig.swift in Sources */,
				C5B09B082B6735BE00C3AEE4 /* clip_clopApp.swift in Sources */,
				C5B09B1A2B675B8C00C3AEE4 /* TempoSelectionView.swift in Sources */,
				C5B09B1C2B675DB400C3AEE4 /* TempoCalculation.swift in Sources */,
			);
			runOnlyForDeploymentPostprocessing = 0;
		};
/* End PBXSourcesBuildPhase section */

/* Begin XCBuildConfiguration section */
		C5B09B102B6735C000C3AEE4 /* Debug */ = {
			isa = XCBuildConfiguration;
			buildSettings = {
				ALWAYS_SEARCH_USER_PATHS = NO;
				ASSETCATALOG_COMPILER_GENERATE_SWIFT_ASSET_SYMBOL_EXTENSIONS = YES;
				CLANG_ANALYZER_NONNULL = YES;
				CLANG_ANALYZER_NUMBER_OBJECT_CONVERSION = YES_AGGRESSIVE;
				CLANG_CXX_LANGUAGE_STANDARD = "gnu++20";
				CLANG_ENABLE_MODULES = YES;
				CLANG_ENABLE_OBJC_ARC = YES;
				CLANG_ENABLE_OBJC_WEAK = YES;
				CLANG_WARN_BLOCK_CAPTURE_AUTORELEASING = YES;
				CLANG_WARN_BOOL_CONVERSION = YES;
				CLANG_WARN_COMMA = YES;
				CLANG_WARN_CONSTANT_CONVERSION = YES;
				CLANG_WARN_DEPRECATED_OBJC_IMPLEMENTATIONS = YES;
				CLANG_WARN_DIRECT_OBJC_ISA_USAGE = YES_ERROR;
				CLANG_WARN_DOCUMENTATION_COMMENTS = YES;
				CLANG_WARN_EMPTY_BODY = YES;
				CLANG_WARN_ENUM_CONVERSION = YES;
				CLANG_WARN_INFINITE_RECURSION = YES;
				CLANG_WARN_INT_CONVERSION = YES;
				CLANG_WARN_NON_LITERAL_NULL_CONVERSION = YES;
				CLANG_WARN_OBJC_IMPLICIT_RETAIN_SELF = YES;
				CLANG_WARN_OBJC_LITERAL_CONVERSION = YES;
				CLANG_WARN_OBJC_ROOT_CLASS = YES_ERROR;
				CLANG_WARN_QUOTED_INCLUDE_IN_FRAMEWORK_HEADER = YES;
				CLANG_WARN_RANGE_LOOP_ANALYSIS = YES;
				CLANG_WARN_STRICT_PROTOTYPES = YES;
				CLANG_WARN_SUSPICIOUS_MOVE = YES;
				CLANG_WARN_UNGUARDED_AVAILABILITY = YES_AGGRESSIVE;
				CLANG_WARN_UNREACHABLE_CODE = YES;
				CLANG_WARN__DUPLICATE_METHOD_MATCH = YES;
				COPY_PHASE_STRIP = NO;
				DEBUG_INFORMATION_FORMAT = dwarf;
				ENABLE_STRICT_OBJC_MSGSEND = YES;
				ENABLE_TESTABILITY = YES;
				ENABLE_USER_SCRIPT_SANDBOXING = YES;
				GCC_C_LANGUAGE_STANDARD = gnu17;
				GCC_DYNAMIC_NO_PIC = NO;
				GCC_NO_COMMON_BLOCKS = YES;
				GCC_OPTIMIZATION_LEVEL = 0;
				GCC_PREPROCESSOR_DEFINITIONS = (
					"DEBUG=1",
					"$(inherited)",
				);
				GCC_WARN_64_TO_32_BIT_CONVERSION = YES;
				GCC_WARN_ABOUT_RETURN_TYPE = YES_ERROR;
				GCC_WARN_UNDECLARED_SELECTOR = YES;
				GCC_WARN_UNINITIALIZED_AUTOS = YES_AGGRESSIVE;
				GCC_WARN_UNUSED_FUNCTION = YES;
				GCC_WARN_UNUSED_VARIABLE = YES;
				IPHONEOS_DEPLOYMENT_TARGET = 17.2;
				LOCALIZATION_PREFERS_STRING_CATALOGS = YES;
				MTL_ENABLE_DEBUG_INFO = INCLUDE_SOURCE;
				MTL_FAST_MATH = YES;
				ONLY_ACTIVE_ARCH = YES;
				SDKROOT = iphoneos;
				SWIFT_ACTIVE_COMPILATION_CONDITIONS = "DEBUG $(inherited)";
				SWIFT_OPTIMIZATION_LEVEL = "-Onone";
			};
			name = Debug;
		};
		C5B09B112B6735C000C3AEE4 /* Release */ = {
			isa = XCBuildConfiguration;
			buildSettings = {
				ALWAYS_SEARCH_USER_PATHS = NO;
				ASSETCATALOG_COMPILER_GENERATE_SWIFT_ASSET_SYMBOL_EXTENSIONS = YES;
				CLANG_ANALYZER_NONNULL = YES;
				CLANG_ANALYZER_NUMBER_OBJECT_CONVERSION = YES_AGGRESSIVE;
				CLANG_CXX_LANGUAGE_STANDARD = "gnu++20";
				CLANG_ENABLE_MODULES = YES;
				CLANG_ENABLE_OBJC_ARC = YES;
				CLANG_ENABLE_OBJC_WEAK = YES;
				CLANG_WARN_BLOCK_CAPTURE_AUTORELEASING = YES;
				CLANG_WARN_BOOL_CONVERSION = YES;
				CLANG_WARN_COMMA = YES;
				CLANG_WARN_CONSTANT_CONVERSION = YES;
				CLANG_WARN_DEPRECATED_OBJC_IMPLEMENTATIONS = YES;
				CLANG_WARN_DIRECT_OBJC_ISA_USAGE = YES_ERROR;
				CLANG_WARN_DOCUMENTATION_COMMENTS = YES;
				CLANG_WARN_EMPTY_BODY = YES;
				CLANG_WARN_ENUM_CONVERSION = YES;
				CLANG_WARN_INFINITE_RECURSION = YES;
				CLANG_WARN_INT_CONVERSION = YES;
				CLANG_WARN_NON_LITERAL_NULL_CONVERSION = YES;
				CLANG_WARN_OBJC_IMPLICIT_RETAIN_SELF = YES;
				CLANG_WARN_OBJC_LITERAL_CONVERSION = YES;
				CLANG_WARN_OBJC_ROOT_CLASS = YES_ERROR;
				CLANG_WARN_QUOTED_INCLUDE_IN_FRAMEWORK_HEADER = YES;
				CLANG_WARN_RANGE_LOOP_ANALYSIS = YES;
				CLANG_WARN_STRICT_PROTOTYPES = YES;
				CLANG_WARN_SUSPICIOUS_MOVE = YES;
				CLANG_WARN_UNGUARDED_AVAILABILITY = YES_AGGRESSIVE;
				CLANG_WARN_UNREACHABLE_CODE = YES;
				CLANG_WARN__DUPLICATE_METHOD_MATCH = YES;
				COPY_PHASE_STRIP = NO;
				DEBUG_INFORMATION_FORMAT = "dwarf-with-dsym";
				ENABLE_NS_ASSERTIONS = NO;
				ENABLE_STRICT_OBJC_MSGSEND = YES;
				ENABLE_USER_SCRIPT_SANDBOXING = YES;
				GCC_C_LANGUAGE_STANDARD = gnu17;
				GCC_NO_COMMON_BLOCKS = YES;
				GCC_WARN_64_TO_32_BIT_CONVERSION = YES;
				GCC_WARN_ABOUT_RETURN_TYPE = YES_ERROR;
				GCC_WARN_UNDECLARED_SELECTOR = YES;
				GCC_WARN_UNINITIALIZED_AUTOS = YES_AGGRESSIVE;
				GCC_WARN_UNUSED_FUNCTION = YES;
				GCC_WARN_UNUSED_VARIABLE = YES;
				IPHONEOS_DEPLOYMENT_TARGET = 17.2;
				LOCALIZATION_PREFERS_STRING_CATALOGS = YES;
				MTL_ENABLE_DEBUG_INFO = NO;
				MTL_FAST_MATH = YES;
				SDKROOT = iphoneos;
				SWIFT_COMPILATION_MODE = wholemodule;
				VALIDATE_PRODUCT = YES;
			};
			name = Release;
		};
		C5B09B132B6735C000C3AEE4 /* Debug */ = {
			isa = XCBuildConfiguration;
			buildSettings = {
				ASSETCATALOG_COMPILER_APPICON_NAME = AppIcon;
				ASSETCATALOG_COMPILER_GLOBAL_ACCENT_COLOR_NAME = AccentColor;
				CODE_SIGN_STYLE = Automatic;
				CURRENT_PROJECT_VERSION = 1;
				DEVELOPMENT_ASSET_PATHS = "\"clip-clop/Preview Content\"";
				DEVELOPMENT_TEAM = 47W8CAGQ86;
				ENABLE_PREVIEWS = YES;
				GENERATE_INFOPLIST_FILE = YES;
				INFOPLIST_KEY_UIApplicationSceneManifest_Generation = YES;
				INFOPLIST_KEY_UIApplicationSupportsIndirectInputEvents = YES;
				INFOPLIST_KEY_UILaunchScreen_Generation = YES;
				INFOPLIST_KEY_UISupportedInterfaceOrientations_iPad = "UIInterfaceOrientationPortrait UIInterfaceOrientationPortraitUpsideDown UIInterfaceOrientationLandscapeLeft UIInterfaceOrientationLandscapeRight";
				INFOPLIST_KEY_UISupportedInterfaceOrientations_iPhone = "UIInterfaceOrientationPortrait UIInterfaceOrientationLandscapeLeft UIInterfaceOrientationLandscapeRight";
				LD_RUNPATH_SEARCH_PATHS = (
					"$(inherited)",
					"@executable_path/Frameworks",
				);
				MARKETING_VERSION = 1.0;
				PRODUCT_BUNDLE_IDENTIFIER = "RHR.clip-clop";
				PRODUCT_NAME = "$(TARGET_NAME)";
				SWIFT_EMIT_LOC_STRINGS = YES;
				SWIFT_VERSION = 5.0;
				TARGETED_DEVICE_FAMILY = "1,2";
			};
			name = Debug;
		};
		C5B09B142B6735C000C3AEE4 /* Release */ = {
			isa = XCBuildConfiguration;
			buildSettings = {
				ASSETCATALOG_COMPILER_APPICON_NAME = AppIcon;
				ASSETCATALOG_COMPILER_GLOBAL_ACCENT_COLOR_NAME = AccentColor;
				CODE_SIGN_STYLE = Automatic;
				CURRENT_PROJECT_VERSION = 1;
				DEVELOPMENT_ASSET_PATHS = "\"clip-clop/Preview Content\"";
				DEVELOPMENT_TEAM = 47W8CAGQ86;
				ENABLE_PREVIEWS = YES;
				GENERATE_INFOPLIST_FILE = YES;
				INFOPLIST_KEY_UIApplicationSceneManifest_Generation = YES;
				INFOPLIST_KEY_UIApplicationSupportsIndirectInputEvents = YES;
				INFOPLIST_KEY_UILaunchScreen_Generation = YES;
				INFOPLIST_KEY_UISupportedInterfaceOrientations_iPad = "UIInterfaceOrientationPortrait UIInterfaceOrientationPortraitUpsideDown UIInterfaceOrientationLandscapeLeft UIInterfaceOrientationLandscapeRight";
				INFOPLIST_KEY_UISupportedInterfaceOrientations_iPhone = "UIInterfaceOrientationPortrait UIInterfaceOrientationLandscapeLeft UIInterfaceOrientationLandscapeRight";
				LD_RUNPATH_SEARCH_PATHS = (
					"$(inherited)",
					"@executable_path/Frameworks",
				);
				MARKETING_VERSION = 1.0;
				PRODUCT_BUNDLE_IDENTIFIER = "RHR.clip-clop";
				PRODUCT_NAME = "$(TARGET_NAME)";
				SWIFT_EMIT_LOC_STRINGS = YES;
				SWIFT_VERSION = 5.0;
				TARGETED_DEVICE_FAMILY = "1,2";
			};
			name = Release;
		};
/* End XCBuildConfiguration section */

/* Begin XCConfigurationList section */
		C5B09AFF2B6735BE00C3AEE4 /* Build configuration list for PBXProject "clip-clop" */ = {
			isa = XCConfigurationList;
			buildConfigurations = (
				C5B09B102B6735C000C3AEE4 /* Debug */,
				C5B09B112B6735C000C3AEE4 /* Release */,
			);
			defaultConfigurationIsVisible = 0;
			defaultConfigurationName = Release;
		};
		C5B09B122B6735C000C3AEE4 /* Build configuration list for PBXNativeTarget "clip-clop" */ = {
			isa = XCConfigurationList;
			buildConfigurations = (
				C5B09B132B6735C000C3AEE4 /* Debug */,
				C5B09B142B6735C000C3AEE4 /* Release */,
			);
			defaultConfigurationIsVisible = 0;
			defaultConfigurationName = Release;
		};
/* End XCConfigurationList section */
	};
	rootObject = C5B09AFC2B6735BE00C3AEE4 /* Project object */;
}
